{
  "version": 4,
  "terraform_version": "1.6.6",
  "serial": 4,
  "lineage": "d024b3e9-5b43-2553-8345-88fa96618f9f",
  "outputs": {},
  "resources": [
    {
      "mode": "managed",
      "type": "google_compute_instance",
      "name": "vm",
      "provider": "provider[\"registry.terraform.io/hashicorp/google\"]",
      "instances": [
        {
          "schema_version": 6,
          "attributes": {
            "advanced_machine_features": [],
            "allow_stopping_for_update": null,
            "attached_disk": [],
            "boot_disk": [
              {
                "auto_delete": true,
                "device_name": "persistent-disk-0",
                "disk_encryption_key_raw": "",
                "disk_encryption_key_sha256": "",
                "initialize_params": [
                  {
                    "image": "https://www.googleapis.com/compute/v1/projects/ubuntu-os-pro-cloud/global/images/ubuntu-pro-1604-xenial-v20231213",
                    "labels": {},
                    "provisioned_iops": 0,
                    "provisioned_throughput": 0,
                    "resource_manager_tags": {},
                    "size": 10,
                    "type": "pd-balanced"
                  }
                ],
                "kms_key_self_link": "",
                "mode": "READ_WRITE",
                "source": "https://www.googleapis.com/compute/v1/projects/my-flix-408803/zones/us-central1-a/disks/vm-login"
              }
            ],
            "can_ip_forward": false,
            "confidential_instance_config": [],
            "cpu_platform": "Intel Haswell",
            "current_status": "RUNNING",
            "deletion_protection": false,
            "description": "",
            "desired_status": null,
            "effective_labels": {},
            "enable_display": false,
            "guest_accelerator": [],
            "hostname": "",
            "id": "projects/my-flix-408803/zones/us-central1-a/instances/vm-login",
            "instance_id": "208730354254781379",
            "label_fingerprint": "42WmSpB8rSM=",
            "labels": {},
            "machine_type": "n1-standard-4",
            "metadata": {
              "ssh-keys": "hikajoseph1:ecdsa-sha2-nistp256 AAAAE2VjZHNhLXNoYTItbmlzdHAyNTYAAAAIbmlzdHAyNTYAAABBBJfSMzUm1pq+2lVIglmFQrM+tcwy3DmeCHPZn3FvZGAt5BPmGrQ/iQB0LPt8B0cI9ZeawBCd545H7whRPl8aiA8= google-ssh {\"userName\":\"hikajoseph1@gmail.com\",\"expireOn\":\"2024-01-11T01:24:36+0000\"}\nhikajoseph1:ssh-rsa AAAAB3NzaC1yc2EAAAADAQABAAABAFlR77OgNc8VWAtJYob2K6MZsDWplQeIUUpyAN3mU5u8KP5d2KBpr6+09DU7f74QMseSyCWaTjiVcAw1nJp+3Qbc1Ceudt9b9DXxcRYOEIrzTZlu7bA8/APcXJAFeiPeFNhdjPNIvx4tkB7wmdV2OhlKL82IBp1u4inKoLb2vkgFyg+hxQbvjUS1092UHLFj6sBNY3KMDIia/0cujbjbnrQJ13zy3VEROBeIzCHPuGru3NN0l+sEYK6J2OTR5qKuWkCj1bAFhMVZ3XEwjmOlR4m62J70Ps34nRMM2LdfRntzV2T6xab2VZWdPdqFoDPx+HbHd51LfN011pp9ajAVpLM= google-ssh {\"userName\":\"hikajoseph1@gmail.com\",\"expireOn\":\"2024-01-11T01:24:53+0000\"}"
            },
            "metadata_fingerprint": "kR72tOApFIQ=",
            "metadata_startup_script": null,
            "min_cpu_platform": "",
            "name": "vm-login",
            "network_interface": [
              {
                "access_config": [
                  {
                    "nat_ip": "34.173.10.88",
                    "network_tier": "PREMIUM",
                    "public_ptr_domain_name": ""
                  }
                ],
                "alias_ip_range": [],
                "internal_ipv6_prefix_length": 0,
                "ipv6_access_config": [],
                "ipv6_access_type": "",
                "ipv6_address": "",
                "name": "nic0",
                "network": "https://www.googleapis.com/compute/v1/projects/my-flix-408803/global/networks/default",
                "network_ip": "10.128.0.22",
                "nic_type": "",
                "queue_count": 0,
                "stack_type": "IPV4_ONLY",
                "subnetwork": "https://www.googleapis.com/compute/v1/projects/my-flix-408803/regions/us-central1/subnetworks/default",
                "subnetwork_project": "my-flix-408803"
              }
            ],
            "network_performance_config": [],
            "params": [],
            "project": "my-flix-408803",
            "reservation_affinity": [],
            "resource_policies": [],
            "scheduling": [
              {
                "automatic_restart": true,
                "instance_termination_action": "",
                "local_ssd_recovery_timeout": [],
                "min_node_cpus": 0,
                "node_affinities": [],
                "on_host_maintenance": "MIGRATE",
                "preemptible": false,
                "provisioning_model": "STANDARD"
              }
            ],
            "scratch_disk": [],
            "self_link": "https://www.googleapis.com/compute/v1/projects/my-flix-408803/zones/us-central1-a/instances/vm-login",
            "service_account": [],
            "shielded_instance_config": [
              {
                "enable_integrity_monitoring": true,
                "enable_secure_boot": false,
                "enable_vtpm": true
              }
            ],
            "tags": [],
            "tags_fingerprint": "42WmSpB8rSM=",
            "terraform_labels": {},
            "timeouts": {
              "create": null,
              "delete": null,
              "update": null
            },
            "zone": "us-central1-a"
          },
          "sensitive_attributes": [],
          "private": "eyJlMmJmYjczMC1lY2FhLTExZTYtOGY4OC0zNDM2M2JjN2M0YzAiOnsiY3JlYXRlIjoxMjAwMDAwMDAwMDAwLCJkZWxldGUiOjEyMDAwMDAwMDAwMDAsInVwZGF0ZSI6MTIwMDAwMDAwMDAwMH0sInNjaGVtYV92ZXJzaW9uIjoiNiJ9"
        }
      ]
    }
  ],
  "check_results": null
}
